// !$*UTF8*$!
{
	archiveVersion = 1;
	classes = {
	};
	objectVersion = 77;
	objects = {

/* Begin PBXBuildFile section */
		06BAC4C11AF4E9CD5E079B9D /* DiskInventoryYApp.swift in Sources */ = {isa = PBXBuildFile; fileRef = 00F836631D98B9AA07A1DB50 /* DiskInventoryYApp.swift */; };
		105790D20225CFC61354603C /* VolumeService.swift in Sources */ = {isa = PBXBuildFile; fileRef = 1ACB2F39F8D5655C2159CF37 /* VolumeService.swift */; };
		10DA15E67010A0C82D975F5D /* ScanController.swift in Sources */ = {isa = PBXBuildFile; fileRef = 81E6A75BC6EB229A25FE4E36 /* ScanController.swift */; };
		1638E8A3BE6F371FFF7635C2 /* Assets.xcassets in Resources */ = {isa = PBXBuildFile; fileRef = FA16BE1EAC0A6F479C926698 /* Assets.xcassets */; };
		1A652BF87AA2089FED0C09D2 /* ScanError.swift in Sources */ = {isa = PBXBuildFile; fileRef = 3D1848C7C55365A12E7F307D /* ScanError.swift */; };
		1CBCDBFB6DB1E66768D5E78C /* SavedScan.swift in Sources */ = {isa = PBXBuildFile; fileRef = B39BA78724BF42F26F563129 /* SavedScan.swift */; };
		215ED103DCED46EF0DE43072 /* KindsBarView.swift in Sources */ = {isa = PBXBuildFile; fileRef = 1E13C1E9ABE491FBDDCE0989 /* KindsBarView.swift */; };
		23A595FC282B97D08166E8C2 /* FileKind.swift in Sources */ = {isa = PBXBuildFile; fileRef = 3C6258D27D5D81C5CD36EE88 /* FileKind.swift */; };
		2433C39D7AB1128C5EAD436D /* KindsAggregatorTests.swift in Sources */ = {isa = PBXBuildFile; fileRef = BFDDE6E14E2CF08073D3A371 /* KindsAggregatorTests.swift */; };
		2AEA25C5887ACF4ECA22A01F /* KindDetector.swift in Sources */ = {isa = PBXBuildFile; fileRef = D644E501EC0623B8A2C3FFEA /* KindDetector.swift */; };
		2B785AC50F71647AB6D5CCA3 /* SmokeUITests.swift in Sources */ = {isa = PBXBuildFile; fileRef = 7B194700BBACDAA09241E66B /* SmokeUITests.swift */; };
		3EA702A0E0490355FC44D64F /* Localizable.xcstrings in Resources */ = {isa = PBXBuildFile; fileRef = B275DF17430CD95954D8C199 /* Localizable.xcstrings */; };
		438FB39A2462E85F576E3A8E /* ByteFormatter.swift in Sources */ = {isa = PBXBuildFile; fileRef = 1C17FC79665A683A5FD1C1DD /* ByteFormatter.swift */; };
		444700E319CB299C68299CB8 /* PermissionsProbe.swift in Sources */ = {isa = PBXBuildFile; fileRef = FACDA7A2E28C820D50A9B836 /* PermissionsProbe.swift */; };
		4935D9A0C5F824B8C4FA22D4 /* FilesystemEnumeratorFallback.swift in Sources */ = {isa = PBXBuildFile; fileRef = 0D2DDBCC9DCE534D2A6FC499 /* FilesystemEnumeratorFallback.swift */; };
		49560B3B2D7B54AB072FA964 /* SmokeTests.swift in Sources */ = {isa = PBXBuildFile; fileRef = 8339C62F7A16B3A6A83C463A /* SmokeTests.swift */; };
		4BB5B2EAFCF14D11BCA330E5 /* KindsAggregator.swift in Sources */ = {isa = PBXBuildFile; fileRef = 8BA837092BB76F49D3F2B760 /* KindsAggregator.swift */; };
		4E7FB73B9D4EFA3E0DD511C8 /* FSNodeKind.swift in Sources */ = {isa = PBXBuildFile; fileRef = D840465DB6E78C9A13C8220A /* FSNodeKind.swift */; };
		5844DB052DC4E73A33CF6064 /* TreemapLayoutTests.swift in Sources */ = {isa = PBXBuildFile; fileRef = 966454A80CC03505D76C1647 /* TreemapLayoutTests.swift */; };
		5B15F8018651F4CDE65A6D9C /* AppSettings.swift in Sources */ = {isa = PBXBuildFile; fileRef = 6016D720BD5808B4CE06707A /* AppSettings.swift */; };
		5E2430805F2C10DEE32EA11F /* FSFlags.swift in Sources */ = {isa = PBXBuildFile; fileRef = 9FFD1B2C25EFBD3373EC1487 /* FSFlags.swift */; };
		6C24908F87DA41555D44DA68 /* ScanRegistry.swift in Sources */ = {isa = PBXBuildFile; fileRef = 820187242E56E19050C1708E /* ScanRegistry.swift */; };
		6C7C029D3C6A6522DFE62184 /* Scanner.swift in Sources */ = {isa = PBXBuildFile; fileRef = A0FEEEC46E65D47F4EF1A0D4 /* Scanner.swift */; };
		6DEA40A104B654A09F8A521F /* FileActions.swift in Sources */ = {isa = PBXBuildFile; fileRef = 4BB0B9FF08A89827755309ED /* FileActions.swift */; };
		7762A9F2149F9C53332525D7 /* FSNode.swift in Sources */ = {isa = PBXBuildFile; fileRef = A9D000355FCEE6EC7852BF55 /* FSNode.swift */; };
		783523E8213724D26E0C28A1 /* ColorPaletteTests.swift in Sources */ = {isa = PBXBuildFile; fileRef = BDD66D325E882BC7AD4080B2 /* ColorPaletteTests.swift */; };
		9A212EE6F946E322325DB462 /* ScanID.swift in Sources */ = {isa = PBXBuildFile; fileRef = D86E1B688154CD4CE31057E7 /* ScanID.swift */; };
		9D6AE3F4EC195C7C8BD91BD2 /* TreemapLayout.swift in Sources */ = {isa = PBXBuildFile; fileRef = 07738E46FEC47B6463FE6944 /* TreemapLayout.swift */; };
		9E46334CCD50ECD37A6AFFDA /* PermissionsBanner.swift in Sources */ = {isa = PBXBuildFile; fileRef = 93DA6EA20CCC7C6DE8C02A9A /* PermissionsBanner.swift */; };
		A450B820706B00483F66E1D5 /* ScanProgressView.swift in Sources */ = {isa = PBXBuildFile; fileRef = C42C83D8053B82D835DCBBD3 /* ScanProgressView.swift */; };
		AD0C86F150482A12DDAE80D1 /* SavedScanCodecTests.swift in Sources */ = {isa = PBXBuildFile; fileRef = CC1B96B11B45FDD75861F904 /* SavedScanCodecTests.swift */; };
		AE7FEF0F2572749C499295EB /* RootView.swift in Sources */ = {isa = PBXBuildFile; fileRef = 6806DAB26347009ACD5C4286 /* RootView.swift */; };
		AF7E096DECABB4452017CD84 /* RecentsStore.swift in Sources */ = {isa = PBXBuildFile; fileRef = 9295A1DDCC721862A254D127 /* RecentsStore.swift */; };
		C8286B1711DED4FE560C9E21 /* SettingsView.swift in Sources */ = {isa = PBXBuildFile; fileRef = 33A7AD5169BA2C0111DE9B33 /* SettingsView.swift */; };
		CE4AE38D77A5A5AEE7C00237 /* KindDetectorTests.swift in Sources */ = {isa = PBXBuildFile; fileRef = AF0277EF355739BD2F40F145 /* KindDetectorTests.swift */; };
		D3DAB6C3A621DB21F8EC67FD /* SavedScanCodec.swift in Sources */ = {isa = PBXBuildFile; fileRef = 512EF98FFF647F9F1C8C377B /* SavedScanCodec.swift */; };
		D4A4DBBC93513210414258C8 /* TreemapNSView.swift in Sources */ = {isa = PBXBuildFile; fileRef = 1BD14913083497FD07E1BFA7 /* TreemapNSView.swift */; };
		D7CF3289BDB094DD4D434D25 /* VolumeInfo.swift in Sources */ = {isa = PBXBuildFile; fileRef = 90288804FDC9FA14CE9B5369 /* VolumeInfo.swift */; };
		DA0C204E241029E7822DBEDD /* FilesystemEnumerator.swift in Sources */ = {isa = PBXBuildFile; fileRef = 7CF39CB54B2CF86573C59B52 /* FilesystemEnumerator.swift */; };
		EEBE14F1451EE391B2F42C48 /* FSNodeAggregationTests.swift in Sources */ = {isa = PBXBuildFile; fileRef = 580DC0E69D0DC9CA6856E670 /* FSNodeAggregationTests.swift */; };
		EF1FDD8546652D8096C394EF /* ScanProgress.swift in Sources */ = {isa = PBXBuildFile; fileRef = 0B19C6EAC8F79F90638989A6 /* ScanProgress.swift */; };
		EF3B041C2C4AD842327B184B /* TreemapHost.swift in Sources */ = {isa = PBXBuildFile; fileRef = 23B34464187466F0D6305029 /* TreemapHost.swift */; };
		EF898F0B2F4CA8CCF6973509 /* IconCache.swift in Sources */ = {isa = PBXBuildFile; fileRef = 8288C97C1E138930BA3F59A4 /* IconCache.swift */; };
		F21349875BAF3B28438ECE67 /* ScannerTests.swift in Sources */ = {isa = PBXBuildFile; fileRef = CEDB6972303727E0F5CE7B60 /* ScannerTests.swift */; };
		F30A4CDE506F9963A91D479F /* KindRegistry.swift in Sources */ = {isa = PBXBuildFile; fileRef = D98EB15CEC5BDD1A9425B28B /* KindRegistry.swift */; };
		F611C0E7262BD9DB04F557BF /* FixtureBuilder.swift in Sources */ = {isa = PBXBuildFile; fileRef = 09C2E2EF0C4E45B059FB1E00 /* FixtureBuilder.swift */; };
		F878A016EC2D6E9FFCFDC521 /* ColorPalette.swift in Sources */ = {isa = PBXBuildFile; fileRef = 135C45AB02CD76C2F224ED8E /* ColorPalette.swift */; };
		F9BA2FEA9195EF521BC675B1 /* ScanResult.swift in Sources */ = {isa = PBXBuildFile; fileRef = D402F3AD989AEB1E825FB5AE /* ScanResult.swift */; };
		FF4DB8C26BC89B3E4C22B774 /* OutlineHost.swift in Sources */ = {isa = PBXBuildFile; fileRef = 9C4A6482F569FEE5ED9484AC /* OutlineHost.swift */; };
/* End PBXBuildFile section */

/* Begin PBXContainerItemProxy section */
		0643CE43E856487FF0D203CF /* PBXContainerItemProxy */ = {
			isa = PBXContainerItemProxy;
			containerPortal = 0E05AABDA3A68E90DB2E1E86 /* Project object */;
			proxyType = 1;
			remoteGlobalIDString = ADD84ECC4457347E3339BB2F;
			remoteInfo = DiskInventoryY;
		};
		D226CD0ED7BAA3261D403D04 /* PBXContainerItemProxy */ = {
			isa = PBXContainerItemProxy;
			containerPortal = 0E05AABDA3A68E90DB2E1E86 /* Project object */;
			proxyType = 1;
			remoteGlobalIDString = ADD84ECC4457347E3339BB2F;
			remoteInfo = DiskInventoryY;
		};
/* End PBXContainerItemProxy section */

/* Begin PBXFileReference section */
		00F836631D98B9AA07A1DB50 /* DiskInventoryYApp.swift */ = {isa = PBXFileReference; lastKnownFileType = sourcecode.swift; path = DiskInventoryYApp.swift; sourceTree = "<group>"; };
		07738E46FEC47B6463FE6944 /* TreemapLayout.swift */ = {isa = PBXFileReference; lastKnownFileType = sourcecode.swift; path = TreemapLayout.swift; sourceTree = "<group>"; };
		09C2E2EF0C4E45B059FB1E00 /* FixtureBuilder.swift */ = {isa = PBXFileReference; lastKnownFileType = sourcecode.swift; path = FixtureBuilder.swift; sourceTree = "<group>"; };
		0B19C6EAC8F79F90638989A6 /* ScanProgress.swift */ = {isa = PBXFileReference; lastKnownFileType = sourcecode.swift; path = ScanProgress.swift; sourceTree = "<group>"; };
		0D2DDBCC9DCE534D2A6FC499 /* FilesystemEnumeratorFallback.swift */ = {isa = PBXFileReference; lastKnownFileType = sourcecode.swift; path = FilesystemEnumeratorFallback.swift; sourceTree = "<group>"; };
		135C45AB02CD76C2F224ED8E /* ColorPalette.swift */ = {isa = PBXFileReference; lastKnownFileType = sourcecode.swift; path = ColorPalette.swift; sourceTree = "<group>"; };
		1ACB2F39F8D5655C2159CF37 /* VolumeService.swift */ = {isa = PBXFileReference; lastKnownFileType = sourcecode.swift; path = VolumeService.swift; sourceTree = "<group>"; };
		1BD14913083497FD07E1BFA7 /* TreemapNSView.swift */ = {isa = PBXFileReference; lastKnownFileType = sourcecode.swift; path = TreemapNSView.swift; sourceTree = "<group>"; };
		1C17FC79665A683A5FD1C1DD /* ByteFormatter.swift */ = {isa = PBXFileReference; lastKnownFileType = sourcecode.swift; path = ByteFormatter.swift; sourceTree = "<group>"; };
		1E13C1E9ABE491FBDDCE0989 /* KindsBarView.swift */ = {isa = PBXFileReference; lastKnownFileType = sourcecode.swift; path = KindsBarView.swift; sourceTree = "<group>"; };
		23B34464187466F0D6305029 /* TreemapHost.swift */ = {isa = PBXFileReference; lastKnownFileType = sourcecode.swift; path = TreemapHost.swift; sourceTree = "<group>"; };
		33A7AD5169BA2C0111DE9B33 /* SettingsView.swift */ = {isa = PBXFileReference; lastKnownFileType = sourcecode.swift; path = SettingsView.swift; sourceTree = "<group>"; };
		356D192BD6EEBBBBAF213AB7 /* DiskInventoryY.app */ = {isa = PBXFileReference; explicitFileType = wrapper.application; includeInIndex = 0; path = DiskInventoryY.app; sourceTree = BUILT_PRODUCTS_DIR; };
		3C6258D27D5D81C5CD36EE88 /* FileKind.swift */ = {isa = PBXFileReference; lastKnownFileType = sourcecode.swift; path = FileKind.swift; sourceTree = "<group>"; };
		3D1848C7C55365A12E7F307D /* ScanError.swift */ = {isa = PBXFileReference; lastKnownFileType = sourcecode.swift; path = ScanError.swift; sourceTree = "<group>"; };
		4496F73908D9C71944536EA7 /* Info.plist */ = {isa = PBXFileReference; lastKnownFileType = text.plist; path = Info.plist; sourceTree = "<group>"; };
		4BB0B9FF08A89827755309ED /* FileActions.swift */ = {isa = PBXFileReference; lastKnownFileType = sourcecode.swift; path = FileActions.swift; sourceTree = "<group>"; };
		512EF98FFF647F9F1C8C377B /* SavedScanCodec.swift */ = {isa = PBXFileReference; lastKnownFileType = sourcecode.swift; path = SavedScanCodec.swift; sourceTree = "<group>"; };
		580DC0E69D0DC9CA6856E670 /* FSNodeAggregationTests.swift */ = {isa = PBXFileReference; lastKnownFileType = sourcecode.swift; path = FSNodeAggregationTests.swift; sourceTree = "<group>"; };
		6016D720BD5808B4CE06707A /* AppSettings.swift */ = {isa = PBXFileReference; lastKnownFileType = sourcecode.swift; path = AppSettings.swift; sourceTree = "<group>"; };
		6806DAB26347009ACD5C4286 /* RootView.swift */ = {isa = PBXFileReference; lastKnownFileType = sourcecode.swift; path = RootView.swift; sourceTree = "<group>"; };
		7B194700BBACDAA09241E66B /* SmokeUITests.swift */ = {isa = PBXFileReference; lastKnownFileType = sourcecode.swift; path = SmokeUITests.swift; sourceTree = "<group>"; };
		7CF39CB54B2CF86573C59B52 /* FilesystemEnumerator.swift */ = {isa = PBXFileReference; lastKnownFileType = sourcecode.swift; path = FilesystemEnumerator.swift; sourceTree = "<group>"; };
		7DD422BCA90E244C963C698D /* DiskInventoryYUITests.xctest */ = {isa = PBXFileReference; explicitFileType = wrapper.cfbundle; includeInIndex = 0; path = DiskInventoryYUITests.xctest; sourceTree = BUILT_PRODUCTS_DIR; };
		81E6A75BC6EB229A25FE4E36 /* ScanController.swift */ = {isa = PBXFileReference; lastKnownFileType = sourcecode.swift; path = ScanController.swift; sourceTree = "<group>"; };
		820187242E56E19050C1708E /* ScanRegistry.swift */ = {isa = PBXFileReference; lastKnownFileType = sourcecode.swift; path = ScanRegistry.swift; sourceTree = "<group>"; };
		8288C97C1E138930BA3F59A4 /* IconCache.swift */ = {isa = PBXFileReference; lastKnownFileType = sourcecode.swift; path = IconCache.swift; sourceTree = "<group>"; };
		8339C62F7A16B3A6A83C463A /* SmokeTests.swift */ = {isa = PBXFileReference; lastKnownFileType = sourcecode.swift; path = SmokeTests.swift; sourceTree = "<group>"; };
		8BA837092BB76F49D3F2B760 /* KindsAggregator.swift */ = {isa = PBXFileReference; lastKnownFileType = sourcecode.swift; path = KindsAggregator.swift; sourceTree = "<group>"; };
		90288804FDC9FA14CE9B5369 /* VolumeInfo.swift */ = {isa = PBXFileReference; lastKnownFileType = sourcecode.swift; path = VolumeInfo.swift; sourceTree = "<group>"; };
		9295A1DDCC721862A254D127 /* RecentsStore.swift */ = {isa = PBXFileReference; lastKnownFileType = sourcecode.swift; path = RecentsStore.swift; sourceTree = "<group>"; };
		93DA6EA20CCC7C6DE8C02A9A /* PermissionsBanner.swift */ = {isa = PBXFileReference; lastKnownFileType = sourcecode.swift; path = PermissionsBanner.swift; sourceTree = "<group>"; };
		966454A80CC03505D76C1647 /* TreemapLayoutTests.swift */ = {isa = PBXFileReference; lastKnownFileType = sourcecode.swift; path = TreemapLayoutTests.swift; sourceTree = "<group>"; };
		9C4A6482F569FEE5ED9484AC /* OutlineHost.swift */ = {isa = PBXFileReference; lastKnownFileType = sourcecode.swift; path = OutlineHost.swift; sourceTree = "<group>"; };
		9DB204C2FBB43C4C63197611 /* DiskInventoryYTests.xctest */ = {isa = PBXFileReference; explicitFileType = wrapper.cfbundle; includeInIndex = 0; path = DiskInventoryYTests.xctest; sourceTree = BUILT_PRODUCTS_DIR; };
		9FFD1B2C25EFBD3373EC1487 /* FSFlags.swift */ = {isa = PBXFileReference; lastKnownFileType = sourcecode.swift; path = FSFlags.swift; sourceTree = "<group>"; };
		A0FEEEC46E65D47F4EF1A0D4 /* Scanner.swift */ = {isa = PBXFileReference; lastKnownFileType = sourcecode.swift; path = Scanner.swift; sourceTree = "<group>"; };
		A468C532525C6AEFC9E2AF23 /* Debug.xcconfig */ = {isa = PBXFileReference; lastKnownFileType = text.xcconfig; path = Debug.xcconfig; sourceTree = "<group>"; };
		A9D000355FCEE6EC7852BF55 /* FSNode.swift */ = {isa = PBXFileReference; lastKnownFileType = sourcecode.swift; path = FSNode.swift; sourceTree = "<group>"; };
		AF0277EF355739BD2F40F145 /* KindDetectorTests.swift */ = {isa = PBXFileReference; lastKnownFileType = sourcecode.swift; path = KindDetectorTests.swift; sourceTree = "<group>"; };
		B275DF17430CD95954D8C199 /* Localizable.xcstrings */ = {isa = PBXFileReference; lastKnownFileType = text.json.xcstrings; path = Localizable.xcstrings; sourceTree = "<group>"; };
		B39BA78724BF42F26F563129 /* SavedScan.swift */ = {isa = PBXFileReference; lastKnownFileType = sourcecode.swift; path = SavedScan.swift; sourceTree = "<group>"; };
		BDD66D325E882BC7AD4080B2 /* ColorPaletteTests.swift */ = {isa = PBXFileReference; lastKnownFileType = sourcecode.swift; path = ColorPaletteTests.swift; sourceTree = "<group>"; };
		BFDDE6E14E2CF08073D3A371 /* KindsAggregatorTests.swift */ = {isa = PBXFileReference; lastKnownFileType = sourcecode.swift; path = KindsAggregatorTests.swift; sourceTree = "<group>"; };
		C42C83D8053B82D835DCBBD3 /* ScanProgressView.swift */ = {isa = PBXFileReference; lastKnownFileType = sourcecode.swift; path = ScanProgressView.swift; sourceTree = "<group>"; };
		CC1B96B11B45FDD75861F904 /* SavedScanCodecTests.swift */ = {isa = PBXFileReference; lastKnownFileType = sourcecode.swift; path = SavedScanCodecTests.swift; sourceTree = "<group>"; };
		CEDB6972303727E0F5CE7B60 /* ScannerTests.swift */ = {isa = PBXFileReference; lastKnownFileType = sourcecode.swift; path = ScannerTests.swift; sourceTree = "<group>"; };
		D402F3AD989AEB1E825FB5AE /* ScanResult.swift */ = {isa = PBXFileReference; lastKnownFileType = sourcecode.swift; path = ScanResult.swift; sourceTree = "<group>"; };
		D644E501EC0623B8A2C3FFEA /* KindDetector.swift */ = {isa = PBXFileReference; lastKnownFileType = sourcecode.swift; path = KindDetector.swift; sourceTree = "<group>"; };
		D840465DB6E78C9A13C8220A /* FSNodeKind.swift */ = {isa = PBXFileReference; lastKnownFileType = sourcecode.swift; path = FSNodeKind.swift; sourceTree = "<group>"; };
		D86E1B688154CD4CE31057E7 /* ScanID.swift */ = {isa = PBXFileReference; lastKnownFileType = sourcecode.swift; path = ScanID.swift; sourceTree = "<group>"; };
		D8CD66429A3DA33CB4281D51 /* Release.xcconfig */ = {isa = PBXFileReference; lastKnownFileType = text.xcconfig; path = Release.xcconfig; sourceTree = "<group>"; };
		D98EB15CEC5BDD1A9425B28B /* KindRegistry.swift */ = {isa = PBXFileReference; lastKnownFileType = sourcecode.swift; path = KindRegistry.swift; sourceTree = "<group>"; };
		E7EE63A53271A90557E385B7 /* DiskInventoryY.entitlements */ = {isa = PBXFileReference; lastKnownFileType = text.plist.entitlements; path = DiskInventoryY.entitlements; sourceTree = "<group>"; };
		FA16BE1EAC0A6F479C926698 /* Assets.xcassets */ = {isa = PBXFileReference; lastKnownFileType = folder.assetcatalog; path = Assets.xcassets; sourceTree = "<group>"; };
		FACDA7A2E28C820D50A9B836 /* PermissionsProbe.swift */ = {isa = PBXFileReference; lastKnownFileType = sourcecode.swift; path = PermissionsProbe.swift; sourceTree = "<group>"; };
/* End PBXFileReference section */

/* Begin PBXGroup section */
		01AE14EEF058705541C3E850 /* ViewModels */ = {
			isa = PBXGroup;
			children = (
				81E6A75BC6EB229A25FE4E36 /* ScanController.swift */,
			);
			path = ViewModels;
			sourceTree = "<group>";
		};
		0A25AF5D955358EF19A5FF42 /* Services */ = {
			isa = PBXGroup;
			children = (
				6016D720BD5808B4CE06707A /* AppSettings.swift */,
				135C45AB02CD76C2F224ED8E /* ColorPalette.swift */,
				4BB0B9FF08A89827755309ED /* FileActions.swift */,
				7CF39CB54B2CF86573C59B52 /* FilesystemEnumerator.swift */,
				0D2DDBCC9DCE534D2A6FC499 /* FilesystemEnumeratorFallback.swift */,
				8288C97C1E138930BA3F59A4 /* IconCache.swift */,
				D644E501EC0623B8A2C3FFEA /* KindDetector.swift */,
				D98EB15CEC5BDD1A9425B28B /* KindRegistry.swift */,
				8BA837092BB76F49D3F2B760 /* KindsAggregator.swift */,
				FACDA7A2E28C820D50A9B836 /* PermissionsProbe.swift */,
				9295A1DDCC721862A254D127 /* RecentsStore.swift */,
				512EF98FFF647F9F1C8C377B /* SavedScanCodec.swift */,
				A0FEEEC46E65D47F4EF1A0D4 /* Scanner.swift */,
				820187242E56E19050C1708E /* ScanRegistry.swift */,
				07738E46FEC47B6463FE6944 /* TreemapLayout.swift */,
				1ACB2F39F8D5655C2159CF37 /* VolumeService.swift */,
			);
			path = Services;
			sourceTree = "<group>";
		};
		188FD51491B1761D3C9DED7A /* Resources */ = {
			isa = PBXGroup;
			children = (
				FA16BE1EAC0A6F479C926698 /* Assets.xcassets */,
				E7EE63A53271A90557E385B7 /* DiskInventoryY.entitlements */,
				4496F73908D9C71944536EA7 /* Info.plist */,
				B275DF17430CD95954D8C199 /* Localizable.xcstrings */,
			);
			path = Resources;
			sourceTree = "<group>";
		};
		1D56EF0E48F03E860D8C3C75 /* Configs */ = {
			isa = PBXGroup;
			children = (
				A468C532525C6AEFC9E2AF23 /* Debug.xcconfig */,
				D8CD66429A3DA33CB4281D51 /* Release.xcconfig */,
			);
			path = Configs;
			sourceTree = "<group>";
		};
		1EF33E67E0EE91FCB3C325B6 /* DiskInventoryYUITests */ = {
			isa = PBXGroup;
			children = (
				7B194700BBACDAA09241E66B /* SmokeUITests.swift */,
			);
			path = DiskInventoryYUITests;
			sourceTree = "<group>";
		};
		238EEAC0B8A0799FE3C57561 /* Outline */ = {
			isa = PBXGroup;
			children = (
				9C4A6482F569FEE5ED9484AC /* OutlineHost.swift */,
			);
			path = Outline;
			sourceTree = "<group>";
		};
		34FDCB1408FEAA11E4BF7414 /* Sidebar */ = {
			isa = PBXGroup;
			children = (
			);
			path = Sidebar;
			sourceTree = "<group>";
		};
		3B22761885497B444A80863F /* Views */ = {
			isa = PBXGroup;
			children = (
				A32120658139F7D9B71BBA5B /* Content */,
				842F5A46917C625BAD24FDBF /* Inspector */,
				238EEAC0B8A0799FE3C57561 /* Outline */,
				3C61E7D7C044BE852B67F278 /* Progress */,
				A3F3683FEE4B01BBF8287AFA /* Root */,
				5C5F01AF44142C042074F476 /* Settings */,
				34FDCB1408FEAA11E4BF7414 /* Sidebar */,
				784F9C936F5771A2768F14E1 /* Treemap */,
				93DA6EA20CCC7C6DE8C02A9A /* PermissionsBanner.swift */,
			);
			path = Views;
			sourceTree = "<group>";
		};
		3C61E7D7C044BE852B67F278 /* Progress */ = {
			isa = PBXGroup;
			children = (
				C42C83D8053B82D835DCBBD3 /* ScanProgressView.swift */,
			);
			path = Progress;
			sourceTree = "<group>";
		};
		41124FFA008908D872420956 /* Utilities */ = {
			isa = PBXGroup;
			children = (
				1C17FC79665A683A5FD1C1DD /* ByteFormatter.swift */,
			);
			path = Utilities;
			sourceTree = "<group>";
		};
		5C5F01AF44142C042074F476 /* Settings */ = {
			isa = PBXGroup;
			children = (
				33A7AD5169BA2C0111DE9B33 /* SettingsView.swift */,
			);
			path = Settings;
			sourceTree = "<group>";
		};
		5C887A08C8779AB2767C5F3C /* DiskInventoryY */ = {
			isa = PBXGroup;
			children = (
				DADF22C983F2E998B133B4D5 /* App */,
				BD60A3D23EFA87AC2C222DA7 /* Models */,
				188FD51491B1761D3C9DED7A /* Resources */,
				0A25AF5D955358EF19A5FF42 /* Services */,
				41124FFA008908D872420956 /* Utilities */,
				01AE14EEF058705541C3E850 /* ViewModels */,
				3B22761885497B444A80863F /* Views */,
			);
			path = DiskInventoryY;
			sourceTree = "<group>";
		};
		784F9C936F5771A2768F14E1 /* Treemap */ = {
			isa = PBXGroup;
			children = (
				23B34464187466F0D6305029 /* TreemapHost.swift */,
				1BD14913083497FD07E1BFA7 /* TreemapNSView.swift */,
			);
			path = Treemap;
			sourceTree = "<group>";
		};
		842F5A46917C625BAD24FDBF /* Inspector */ = {
			isa = PBXGroup;
			children = (
			);
			path = Inspector;
			sourceTree = "<group>";
		};
		A32120658139F7D9B71BBA5B /* Content */ = {
			isa = PBXGroup;
			children = (
				1E13C1E9ABE491FBDDCE0989 /* KindsBarView.swift */,
			);
			path = Content;
			sourceTree = "<group>";
		};
		A3F3683FEE4B01BBF8287AFA /* Root */ = {
			isa = PBXGroup;
			children = (
				6806DAB26347009ACD5C4286 /* RootView.swift */,
			);
			path = Root;
			sourceTree = "<group>";
		};
		B1827C83B4D9509A04194247 /* Products */ = {
			isa = PBXGroup;
			children = (
				356D192BD6EEBBBBAF213AB7 /* DiskInventoryY.app */,
				9DB204C2FBB43C4C63197611 /* DiskInventoryYTests.xctest */,
				7DD422BCA90E244C963C698D /* DiskInventoryYUITests.xctest */,
			);
			name = Products;
			sourceTree = "<group>";
		};
		BD60A3D23EFA87AC2C222DA7 /* Models */ = {
			isa = PBXGroup;
			children = (
				3C6258D27D5D81C5CD36EE88 /* FileKind.swift */,
				9FFD1B2C25EFBD3373EC1487 /* FSFlags.swift */,
				A9D000355FCEE6EC7852BF55 /* FSNode.swift */,
				D840465DB6E78C9A13C8220A /* FSNodeKind.swift */,
				B39BA78724BF42F26F563129 /* SavedScan.swift */,
				3D1848C7C55365A12E7F307D /* ScanError.swift */,
				D86E1B688154CD4CE31057E7 /* ScanID.swift */,
				0B19C6EAC8F79F90638989A6 /* ScanProgress.swift */,
				D402F3AD989AEB1E825FB5AE /* ScanResult.swift */,
				90288804FDC9FA14CE9B5369 /* VolumeInfo.swift */,
			);
			path = Models;
			sourceTree = "<group>";
		};
		DADF22C983F2E998B133B4D5 /* App */ = {
			isa = PBXGroup;
			children = (
				00F836631D98B9AA07A1DB50 /* DiskInventoryYApp.swift */,
			);
			path = App;
			sourceTree = "<group>";
		};
		F164D2CD8FB6438A80005609 /* DiskInventoryYTests */ = {
			isa = PBXGroup;
			children = (
				BDD66D325E882BC7AD4080B2 /* ColorPaletteTests.swift */,
				09C2E2EF0C4E45B059FB1E00 /* FixtureBuilder.swift */,
				580DC0E69D0DC9CA6856E670 /* FSNodeAggregationTests.swift */,
				AF0277EF355739BD2F40F145 /* KindDetectorTests.swift */,
				BFDDE6E14E2CF08073D3A371 /* KindsAggregatorTests.swift */,
				CC1B96B11B45FDD75861F904 /* SavedScanCodecTests.swift */,
				CEDB6972303727E0F5CE7B60 /* ScannerTests.swift */,
				8339C62F7A16B3A6A83C463A /* SmokeTests.swift */,
				966454A80CC03505D76C1647 /* TreemapLayoutTests.swift */,
			);
			path = DiskInventoryYTests;
			sourceTree = "<group>";
		};
		F60A7C674B99E3A3BB67D05A = {
			isa = PBXGroup;
			children = (
				1D56EF0E48F03E860D8C3C75 /* Configs */,
				5C887A08C8779AB2767C5F3C /* DiskInventoryY */,
				F164D2CD8FB6438A80005609 /* DiskInventoryYTests */,
				1EF33E67E0EE91FCB3C325B6 /* DiskInventoryYUITests */,
				B1827C83B4D9509A04194247 /* Products */,
			);
			sourceTree = "<group>";
		};
/* End PBXGroup section */

/* Begin PBXNativeTarget section */
		9887580E5FBBFF35685A1EA6 /* DiskInventoryYUITests */ = {
			isa = PBXNativeTarget;
			buildConfigurationList = 8A77FEAB9F381E741BD2D38E /* Build configuration list for PBXNativeTarget "DiskInventoryYUITests" */;
			buildPhases = (
				01CF7162E79397C98F4C8FB0 /* Sources */,
			);
			buildRules = (
			);
			dependencies = (
				174FC7B4511ECA0D601FA509 /* PBXTargetDependency */,
			);
			name = DiskInventoryYUITests;
			packageProductDependencies = (
			);
			productName = DiskInventoryYUITests;
			productReference = 7DD422BCA90E244C963C698D /* DiskInventoryYUITests.xctest */;
			productType = "com.apple.product-type.bundle.ui-testing";
		};
		9DAA2C7606E626B6A8A89005 /* DiskInventoryYTests */ = {
			isa = PBXNativeTarget;
			buildConfigurationList = 5121E67D472ACA14A397166B /* Build configuration list for PBXNativeTarget "DiskInventoryYTests" */;
			buildPhases = (
				672B9143D2B37D090F9522F6 /* Sources */,
			);
			buildRules = (
			);
			dependencies = (
				0EF40034E707EE7A5AE5472E /* PBXTargetDependency */,
			);
			name = DiskInventoryYTests;
			packageProductDependencies = (
			);
			productName = DiskInventoryYTests;
			productReference = 9DB204C2FBB43C4C63197611 /* DiskInventoryYTests.xctest */;
			productType = "com.apple.product-type.bundle.unit-test";
		};
		ADD84ECC4457347E3339BB2F /* DiskInventoryY */ = {
			isa = PBXNativeTarget;
			buildConfigurationList = 1AF65C380DAAD3F9587F0DC6 /* Build configuration list for PBXNativeTarget "DiskInventoryY" */;
			buildPhases = (
				126DCB261AD9400E182959A0 /* Sources */,
				C8D587B8A92B6D99E5F5884B /* Resources */,
			);
			buildRules = (
			);
			dependencies = (
			);
			name = DiskInventoryY;
			packageProductDependencies = (
			);
			productName = DiskInventoryY;
			productReference = 356D192BD6EEBBBBAF213AB7 /* DiskInventoryY.app */;
			productType = "com.apple.product-type.application";
		};
/* End PBXNativeTarget section */

/* Begin PBXProject section */
		0E05AABDA3A68E90DB2E1E86 /* Project object */ = {
			isa = PBXProject;
			attributes = {
				BuildIndependentTargetsInParallel = YES;
				LastUpgradeCheck = 1430;
				TargetAttributes = {
					9887580E5FBBFF35685A1EA6 = {
						DevelopmentTeam = "";
						ProvisioningStyle = Automatic;
						TestTargetID = ADD84ECC4457347E3339BB2F;
					};
					9DAA2C7606E626B6A8A89005 = {
						DevelopmentTeam = "";
						ProvisioningStyle = Automatic;
					};
					ADD84ECC4457347E3339BB2F = {
						DevelopmentTeam = "";
						ProvisioningStyle = Automatic;
					};
				};
			};
			buildConfigurationList = 2A45CD987E87575929A2228F /* Build configuration list for PBXProject "DiskInventoryY" */;
			developmentRegion = en;
			hasScannedForEncodings = 0;
			knownRegions = (
				Base,
				en,
			);
			mainGroup = F60A7C674B99E3A3BB67D05A;
			minimizedProjectReferenceProxies = 1;
			preferredProjectObjectVersion = 77;
			productRefGroup = B1827C83B4D9509A04194247 /* Products */;
			projectDirPath = "";
			projectRoot = "";
			targets = (
				ADD84ECC4457347E3339BB2F /* DiskInventoryY */,
				9DAA2C7606E626B6A8A89005 /* DiskInventoryYTests */,
				9887580E5FBBFF35685A1EA6 /* DiskInventoryYUITests */,
			);
		};
/* End PBXProject section */

/* Begin PBXResourcesBuildPhase section */
		C8D587B8A92B6D99E5F5884B /* Resources */ = {
			isa = PBXResourcesBuildPhase;
			buildActionMask = 2147483647;
			files = (
				1638E8A3BE6F371FFF7635C2 /* Assets.xcassets in Resources */,
				3EA702A0E0490355FC44D64F /* Localizable.xcstrings in Resources */,
			);
			runOnlyForDeploymentPostprocessing = 0;
		};
/* End PBXResourcesBuildPhase section */

/* Begin PBXSourcesBuildPhase section */
		01CF7162E79397C98F4C8FB0 /* Sources */ = {
			isa = PBXSourcesBuildPhase;
			buildActionMask = 2147483647;
			files = (
				2B785AC50F71647AB6D5CCA3 /* SmokeUITests.swift in Sources */,
			);
			runOnlyForDeploymentPostprocessing = 0;
		};
		126DCB261AD9400E182959A0 /* Sources */ = {
			isa = PBXSourcesBuildPhase;
			buildActionMask = 2147483647;
			files = (
				5B15F8018651F4CDE65A6D9C /* AppSettings.swift in Sources */,
				438FB39A2462E85F576E3A8E /* ByteFormatter.swift in Sources */,
				F878A016EC2D6E9FFCFDC521 /* ColorPalette.swift in Sources */,
				06BAC4C11AF4E9CD5E079B9D /* DiskInventoryYApp.swift in Sources */,
				5E2430805F2C10DEE32EA11F /* FSFlags.swift in Sources */,
				7762A9F2149F9C53332525D7 /* FSNode.swift in Sources */,
				4E7FB73B9D4EFA3E0DD511C8 /* FSNodeKind.swift in Sources */,
				6DEA40A104B654A09F8A521F /* FileActions.swift in Sources */,
				23A595FC282B97D08166E8C2 /* FileKind.swift in Sources */,
				DA0C204E241029E7822DBEDD /* FilesystemEnumerator.swift in Sources */,
				4935D9A0C5F824B8C4FA22D4 /* FilesystemEnumeratorFallback.swift in Sources */,
				EF898F0B2F4CA8CCF6973509 /* IconCache.swift in Sources */,
				2AEA25C5887ACF4ECA22A01F /* KindDetector.swift in Sources */,
				F30A4CDE506F9963A91D479F /* KindRegistry.swift in Sources */,
				4BB5B2EAFCF14D11BCA330E5 /* KindsAggregator.swift in Sources */,
				215ED103DCED46EF0DE43072 /* KindsBarView.swift in Sources */,
				FF4DB8C26BC89B3E4C22B774 /* OutlineHost.swift in Sources */,
				9E46334CCD50ECD37A6AFFDA /* PermissionsBanner.swift in Sources */,
				444700E319CB299C68299CB8 /* PermissionsProbe.swift in Sources */,
				AF7E096DECABB4452017CD84 /* RecentsStore.swift in Sources */,
				AE7FEF0F2572749C499295EB /* RootView.swift in Sources */,
				1CBCDBFB6DB1E66768D5E78C /* SavedScan.swift in Sources */,
				D3DAB6C3A621DB21F8EC67FD /* SavedScanCodec.swift in Sources */,
				10DA15E67010A0C82D975F5D /* ScanController.swift in Sources */,
				1A652BF87AA2089FED0C09D2 /* ScanError.swift in Sources */,
				9A212EE6F946E322325DB462 /* ScanID.swift in Sources */,
				EF1FDD8546652D8096C394EF /* ScanProgress.swift in Sources */,
				A450B820706B00483F66E1D5 /* ScanProgressView.swift in Sources */,
				6C24908F87DA41555D44DA68 /* ScanRegistry.swift in Sources */,
				F9BA2FEA9195EF521BC675B1 /* ScanResult.swift in Sources */,
				6C7C029D3C6A6522DFE62184 /* Scanner.swift in Sources */,
				C8286B1711DED4FE560C9E21 /* SettingsView.swift in Sources */,
				EF3B041C2C4AD842327B184B /* TreemapHost.swift in Sources */,
				9D6AE3F4EC195C7C8BD91BD2 /* TreemapLayout.swift in Sources */,
				D4A4DBBC93513210414258C8 /* TreemapNSView.swift in Sources */,
				D7CF3289BDB094DD4D434D25 /* VolumeInfo.swift in Sources */,
				105790D20225CFC61354603C /* VolumeService.swift in Sources */,
			);
			runOnlyForDeploymentPostprocessing = 0;
		};
		672B9143D2B37D090F9522F6 /* Sources */ = {
			isa = PBXSourcesBuildPhase;
			buildActionMask = 2147483647;
			files = (
				783523E8213724D26E0C28A1 /* ColorPaletteTests.swift in Sources */,
				EEBE14F1451EE391B2F42C48 /* FSNodeAggregationTests.swift in Sources */,
				F611C0E7262BD9DB04F557BF /* FixtureBuilder.swift in Sources */,
				CE4AE38D77A5A5AEE7C00237 /* KindDetectorTests.swift in Sources */,
				2433C39D7AB1128C5EAD436D /* KindsAggregatorTests.swift in Sources */,
				AD0C86F150482A12DDAE80D1 /* SavedScanCodecTests.swift in Sources */,
				F21349875BAF3B28438ECE67 /* ScannerTests.swift in Sources */,
				49560B3B2D7B54AB072FA964 /* SmokeTests.swift in Sources */,
				5844DB052DC4E73A33CF6064 /* TreemapLayoutTests.swift in Sources */,
			);
			runOnlyForDeploymentPostprocessing = 0;
		};
/* End PBXSourcesBuildPhase section */

/* Begin PBXTargetDependency section */
		0EF40034E707EE7A5AE5472E /* PBXTargetDependency */ = {
			isa = PBXTargetDependency;
			target = ADD84ECC4457347E3339BB2F /* DiskInventoryY */;
			targetProxy = 0643CE43E856487FF0D203CF /* PBXContainerItemProxy */;
		};
		174FC7B4511ECA0D601FA509 /* PBXTargetDependency */ = {
			isa = PBXTargetDependency;
			target = ADD84ECC4457347E3339BB2F /* DiskInventoryY */;
			targetProxy = D226CD0ED7BAA3261D403D04 /* PBXContainerItemProxy */;
		};
/* End PBXTargetDependency section */

/* Begin XCBuildConfiguration section */
		30239F2E82AC5CEEC8C24887 /* Debug */ = {
			isa = XCBuildConfiguration;
			buildSettings = {
				BUNDLE_LOADER = "$(TEST_HOST)";
				GENERATE_INFOPLIST_FILE = YES;
				LD_RUNPATH_SEARCH_PATHS = (
					"$(inherited)",
					"@executable_path/Frameworks",
					"@loader_path/Frameworks",
				);
				PRODUCT_MODULE_NAME = DiskInventoryYUITests;
				PRODUCT_NAME = DiskInventoryYUITests;
				TEST_TARGET_NAME = DiskInventoryY;
			};
			name = Debug;
		};
		429CDB02E8BD872D50413D92 /* Release */ = {
			isa = XCBuildConfiguration;
			baseConfigurationReference = D8CD66429A3DA33CB4281D51 /* Release.xcconfig */;
			buildSettings = {
				CLANG_ANALYZER_NONNULL = YES;
				CLANG_ANALYZER_NUMBER_OBJECT_CONVERSION = YES_AGGRESSIVE;
				CLANG_CXX_LANGUAGE_STANDARD = "gnu++14";
				CLANG_CXX_LIBRARY = "libc++";
				CLANG_ENABLE_OBJC_ARC = YES;
				CLANG_ENABLE_OBJC_WEAK = YES;
				CLANG_WARN_BLOCK_CAPTURE_AUTORELEASING = YES;
				CLANG_WARN_BOOL_CONVERSION = YES;
				CLANG_WARN_COMMA = YES;
				CLANG_WARN_CONSTANT_CONVERSION = YES;
				CLANG_WARN_DEPRECATED_OBJC_IMPLEMENTATIONS = YES;
				CLANG_WARN_DIRECT_OBJC_ISA_USAGE = YES_ERROR;
				CLANG_WARN_DOCUMENTATION_COMMENTS = YES;
				CLANG_WARN_EMPTY_BODY = YES;
				CLANG_WARN_ENUM_CONVERSION = YES;
				CLANG_WARN_INFINITE_RECURSION = YES;
				CLANG_WARN_INT_CONVERSION = YES;
				CLANG_WARN_NON_LITERAL_NULL_CONVERSION = YES;
				CLANG_WARN_OBJC_IMPLICIT_RETAIN_SELF = YES;
				CLANG_WARN_OBJC_LITERAL_CONVERSION = YES;
				CLANG_WARN_OBJC_ROOT_CLASS = YES_ERROR;
				CLANG_WARN_QUOTED_INCLUDE_IN_FRAMEWORK_HEADER = YES;
				CLANG_WARN_RANGE_LOOP_ANALYSIS = YES;
				CLANG_WARN_STRICT_PROTOTYPES = YES;
				CLANG_WARN_SUSPICIOUS_MOVE = YES;
				CLANG_WARN_UNGUARDED_AVAILABILITY = YES_AGGRESSIVE;
				CLANG_WARN_UNREACHABLE_CODE = YES;
				CLANG_WARN__DUPLICATE_METHOD_MATCH = YES;
				ENABLE_NS_ASSERTIONS = NO;
				ENABLE_STRICT_OBJC_MSGSEND = YES;
				GCC_C_LANGUAGE_STANDARD = gnu11;
				GCC_NO_COMMON_BLOCKS = YES;
				GCC_WARN_64_TO_32_BIT_CONVERSION = YES;
				GCC_WARN_ABOUT_RETURN_TYPE = YES_ERROR;
				GCC_WARN_UNDECLARED_SELECTOR = YES;
				GCC_WARN_UNINITIALIZED_AUTOS = YES_AGGRESSIVE;
				GCC_WARN_UNUSED_FUNCTION = YES;
				GCC_WARN_UNUSED_VARIABLE = YES;
				MTL_ENABLE_DEBUG_INFO = NO;
				MTL_FAST_MATH = YES;
				SWIFT_VERSION = 5.10;
			};
			name = Release;
		};
		5A291028368A9A2036228787 /* Release */ = {
			isa = XCBuildConfiguration;
			buildSettings = {
				BUNDLE_LOADER = "$(TEST_HOST)";
				GENERATE_INFOPLIST_FILE = YES;
				LD_RUNPATH_SEARCH_PATHS = (
					"$(inherited)",
					"@executable_path/../Frameworks",
					"@loader_path/../Frameworks",
				);
				PRODUCT_MODULE_NAME = DiskInventoryYTests;
				PRODUCT_NAME = DiskInventoryYTests;
				TEST_HOST = "$(BUILT_PRODUCTS_DIR)/DiskInventoryY.app/Contents/MacOS/DiskInventoryY";
			};
			name = Release;
		};
		6FEA8C9844D03437432E0EF2 /* Debug */ = {
			isa = XCBuildConfiguration;
			buildSettings = {
				BUNDLE_LOADER = "$(TEST_HOST)";
				GENERATE_INFOPLIST_FILE = YES;
				LD_RUNPATH_SEARCH_PATHS = (
					"$(inherited)",
					"@executable_path/../Frameworks",
					"@loader_path/../Frameworks",
				);
				PRODUCT_MODULE_NAME = DiskInventoryYTests;
				PRODUCT_NAME = DiskInventoryYTests;
				TEST_HOST = "$(BUILT_PRODUCTS_DIR)/DiskInventoryY.app/Contents/MacOS/DiskInventoryY";
			};
			name = Debug;
		};
		AC18160F4D7A957595FE06E6 /* Debug */ = {
			isa = XCBuildConfiguration;
			baseConfigurationReference = A468C532525C6AEFC9E2AF23 /* Debug.xcconfig */;
			buildSettings = {
				CLANG_ANALYZER_NONNULL = YES;
				CLANG_ANALYZER_NUMBER_OBJECT_CONVERSION = YES_AGGRESSIVE;
				CLANG_CXX_LANGUAGE_STANDARD = "gnu++14";
				CLANG_CXX_LIBRARY = "libc++";
				CLANG_ENABLE_OBJC_ARC = YES;
				CLANG_ENABLE_OBJC_WEAK = YES;
				CLANG_WARN_BLOCK_CAPTURE_AUTORELEASING = YES;
				CLANG_WARN_BOOL_CONVERSION = YES;
				CLANG_WARN_COMMA = YES;
				CLANG_WARN_CONSTANT_CONVERSION = YES;
				CLANG_WARN_DEPRECATED_OBJC_IMPLEMENTATIONS = YES;
				CLANG_WARN_DIRECT_OBJC_ISA_USAGE = YES_ERROR;
				CLANG_WARN_DOCUMENTATION_COMMENTS = YES;
				CLANG_WARN_EMPTY_BODY = YES;
				CLANG_WARN_ENUM_CONVERSION = YES;
				CLANG_WARN_INFINITE_RECURSION = YES;
				CLANG_WARN_INT_CONVERSION = YES;
				CLANG_WARN_NON_LITERAL_NULL_CONVERSION = YES;
				CLANG_WARN_OBJC_IMPLICIT_RETAIN_SELF = YES;
				CLANG_WARN_OBJC_LITERAL_CONVERSION = YES;
				CLANG_WARN_OBJC_ROOT_CLASS = YES_ERROR;
				CLANG_WARN_QUOTED_INCLUDE_IN_FRAMEWORK_HEADER = YES;
				CLANG_WARN_RANGE_LOOP_ANALYSIS = YES;
				CLANG_WARN_STRICT_PROTOTYPES = YES;
				CLANG_WARN_SUSPICIOUS_MOVE = YES;
				CLANG_WARN_UNGUARDED_AVAILABILITY = YES_AGGRESSIVE;
				CLANG_WARN_UNREACHABLE_CODE = YES;
				CLANG_WARN__DUPLICATE_METHOD_MATCH = YES;
				ENABLE_STRICT_OBJC_MSGSEND = YES;
				GCC_C_LANGUAGE_STANDARD = gnu11;
				GCC_DYNAMIC_NO_PIC = NO;
				GCC_NO_COMMON_BLOCKS = YES;
				GCC_WARN_64_TO_32_BIT_CONVERSION = YES;
				GCC_WARN_ABOUT_RETURN_TYPE = YES_ERROR;
				GCC_WARN_UNDECLARED_SELECTOR = YES;
				GCC_WARN_UNINITIALIZED_AUTOS = YES_AGGRESSIVE;
				GCC_WARN_UNUSED_FUNCTION = YES;
				GCC_WARN_UNUSED_VARIABLE = YES;
				MTL_ENABLE_DEBUG_INFO = INCLUDE_SOURCE;
				MTL_FAST_MATH = YES;
				SWIFT_VERSION = 5.10;
			};
			name = Debug;
		};
		C8FCF5B78FDFF362C2453B66 /* Release */ = {
			isa = XCBuildConfiguration;
			buildSettings = {
				CODE_SIGN_ENTITLEMENTS = DiskInventoryY/Resources/DiskInventoryY.entitlements;
				GENERATE_INFOPLIST_FILE = NO;
				INFOPLIST_FILE = DiskInventoryY/Resources/Info.plist;
				LD_RUNPATH_SEARCH_PATHS = (
					"$(inherited)",
					"@executable_path/../Frameworks",
				);
			};
			name = Release;
		};
		E044A41F5ACA4080E7FECC91 /* Release */ = {
			isa = XCBuildConfiguration;
			buildSettings = {
				BUNDLE_LOADER = "$(TEST_HOST)";
				GENERATE_INFOPLIST_FILE = YES;
				LD_RUNPATH_SEARCH_PATHS = (
					"$(inherited)",
					"@executable_path/Frameworks",
					"@loader_path/Frameworks",
				);
				PRODUCT_MODULE_NAME = DiskInventoryYUITests;
				PRODUCT_NAME = DiskInventoryYUITests;
				TEST_TARGET_NAME = DiskInventoryY;
			};
			name = Release;
		};
		EEFDF44A0A593C2F865676C0 /* Debug */ = {
			isa = XCBuildConfiguration;
			buildSettings = {
				CODE_SIGN_ENTITLEMENTS = DiskInventoryY/Resources/DiskInventoryY.entitlements;
				GENERATE_INFOPLIST_FILE = NO;
				INFOPLIST_FILE = DiskInventoryY/Resources/Info.plist;
				LD_RUNPATH_SEARCH_PATHS = (
					"$(inherited)",
					"@executable_path/../Frameworks",
				);
			};
			name = Debug;
		};
/* End XCBuildConfiguration section */

/* Begin XCConfigurationList section */
		1AF65C380DAAD3F9587F0DC6 /* Build configuration list for PBXNativeTarget "DiskInventoryY" */ = {
			isa = XCConfigurationList;
			buildConfigurations = (
				EEFDF44A0A593C2F865676C0 /* Debug */,
				C8FCF5B78FDFF362C2453B66 /* Release */,
			);
			defaultConfigurationIsVisible = 0;
			defaultConfigurationName = Debug;
		};
		2A45CD987E87575929A2228F /* Build configuration list for PBXProject "DiskInventoryY" */ = {
			isa = XCConfigurationList;
			buildConfigurations = (
				AC18160F4D7A957595FE06E6 /* Debug */,
				429CDB02E8BD872D50413D92 /* Release */,
			);
			defaultConfigurationIsVisible = 0;
			defaultConfigurationName = Debug;
		};
		5121E67D472ACA14A397166B /* Build configuration list for PBXNativeTarget "DiskInventoryYTests" */ = {
			isa = XCConfigurationList;
			buildConfigurations = (
				6FEA8C9844D03437432E0EF2 /* Debug */,
				5A291028368A9A2036228787 /* Release */,
			);
			defaultConfigurationIsVisible = 0;
			defaultConfigurationName = Debug;
		};
		8A77FEAB9F381E741BD2D38E /* Build configuration list for PBXNativeTarget "DiskInventoryYUITests" */ = {
			isa = XCConfigurationList;
			buildConfigurations = (
				30239F2E82AC5CEEC8C24887 /* Debug */,
				E044A41F5ACA4080E7FECC91 /* Release */,
			);
			defaultConfigurationIsVisible = 0;
			defaultConfigurationName = Debug;
		};
/* End XCConfigurationList section */
	};
	rootObject = 0E05AABDA3A68E90DB2E1E86 /* Project object */;
}
